
Microsoft Visual Studio Solution File, Format Version 12.00
# Visual Studio Version 17
VisualStudioVersion = 17.5.33530.505
MinimumVisualStudioVersion = 10.0.40219.1
Project("{FAE04EC0-301F-11D3-BF4B-00C04F79EFBC}") = "Division", "Division\Division.csproj", "{16C549ED-A33C-47FC-B932-21B57F88B991}"
EndProject
Global
	GlobalSection(SolutionConfigurationPlatforms) = preSolution
		Debug|Any CPU = Debug|Any CPU
		Release|Any CPU = Release|Any CPU
	EndGlobalSection
	GlobalSection(ProjectConfigurationPlatforms) = postSolution
		{16C549ED-A33C-47FC-B932-21B57F88B991}.Debug|Any CPU.ActiveCfg = Debug|Any CPU
		{16C549ED-A33C-47FC-B932-21B57F88B991}.Debug|Any CPU.Build.0 = Debug|Any CPU
		{16C549ED-A33C-47FC-B932-21B57F88B991}.Release|Any CPU.ActiveCfg = Release|Any CPU
		{16C549ED-A33C-47FC-B932-21B57F88B991}.Release|Any CPU.Build.0 = Release|Any CPU
	EndGlobalSection
	GlobalSection(SolutionProperties) = preSolution
		HideSolutionNode = FALSE
	EndGlobalSection
	GlobalSection(ExtensibilityGlobals) = postSolution
		SolutionGuid = {D8C1D53E-B4C5-4A77-BE44-84A33F696A2E}
	EndGlobalSection
EndGlobal
